
Microsoft Visual Studio Solution File, Format Version 12.00
# Visual Studio Version 16
VisualStudioVersion = 16.0.30011.22
MinimumVisualStudioVersion = 10.0.40219.1
Project("{FAE04EC0-301F-11D3-BF4B-00C04F79EFBC}") = "Ex1-HelloWorld", "Ex1-HelloWorld\Ex1-HelloWorld.csproj", "{30F2B717-1C0B-443E-8DAE-3322D99D324B}"
EndProject
Project("{FAE04EC0-301F-11D3-BF4B-00C04F79EFBC}") = "Ex2-LoopsAndConditions", "Ex2-LoopsAndConditions\Ex2-LoopsAndConditions.csproj", "{D22A54E5-5FD9-4A97-86AA-DB91E5F3878A}"
EndProject
Project("{FAE04EC0-301F-11D3-BF4B-00C04F79EFBC}") = "Ex3-Multiplication", "Ex3-Multiplication\Ex3-Multiplication.csproj", "{2068D35F-15A6-47F3-853A-63746593DFC0}"
EndProject
Project("{FAE04EC0-301F-11D3-BF4B-00C04F79EFBC}") = "Ex4-Text", "Ex4-Text\Ex4-Text.csproj", "{ABB53EC1-E864-459B-A68D-61316E061199}"
EndProject
Global
	GlobalSection(SolutionConfigurationPlatforms) = preSolution
		Debug|Any CPU = Debug|Any CPU
		Release|Any CPU = Release|Any CPU
	EndGlobalSection
	GlobalSection(ProjectConfigurationPlatforms) = postSolution
		{30F2B717-1C0B-443E-8DAE-3322D99D324B}.Debug|Any CPU.ActiveCfg = Debug|Any CPU
		{30F2B717-1C0B-443E-8DAE-3322D99D324B}.Debug|Any CPU.Build.0 = Debug|Any CPU
		{30F2B717-1C0B-443E-8DAE-3322D99D324B}.Release|Any CPU.ActiveCfg = Release|Any CPU
		{30F2B717-1C0B-443E-8DAE-3322D99D324B}.Release|Any CPU.Build.0 = Release|Any CPU
		{D22A54E5-5FD9-4A97-86AA-DB91E5F3878A}.Debug|Any CPU.ActiveCfg = Debug|Any CPU
		{D22A54E5-5FD9-4A97-86AA-DB91E5F3878A}.Debug|Any CPU.Build.0 = Debug|Any CPU
		{D22A54E5-5FD9-4A97-86AA-DB91E5F3878A}.Release|Any CPU.ActiveCfg = Release|Any CPU
		{D22A54E5-5FD9-4A97-86AA-DB91E5F3878A}.Release|Any CPU.Build.0 = Release|Any CPU
		{2068D35F-15A6-47F3-853A-63746593DFC0}.Debug|Any CPU.ActiveCfg = Debug|Any CPU
		{2068D35F-15A6-47F3-853A-63746593DFC0}.Debug|Any CPU.Build.0 = Debug|Any CPU
		{2068D35F-15A6-47F3-853A-63746593DFC0}.Release|Any CPU.ActiveCfg = Release|Any CPU
		{2068D35F-15A6-47F3-853A-63746593DFC0}.Release|Any CPU.Build.0 = Release|Any CPU
		{ABB53EC1-E864-459B-A68D-61316E061199}.Debug|Any CPU.ActiveCfg = Debug|Any CPU
		{ABB53EC1-E864-459B-A68D-61316E061199}.Debug|Any CPU.Build.0 = Debug|Any CPU
		{ABB53EC1-E864-459B-A68D-61316E061199}.Release|Any CPU.ActiveCfg = Release|Any CPU
		{ABB53EC1-E864-459B-A68D-61316E061199}.Release|Any CPU.Build.0 = Release|Any CPU
	EndGlobalSection
	GlobalSection(SolutionProperties) = preSolution
		HideSolutionNode = FALSE
	EndGlobalSection
	GlobalSection(ExtensibilityGlobals) = postSolution
		SolutionGuid = {E8C9039D-1180-4EAA-B165-2447D0FBB8E2}
	EndGlobalSection
EndGlobal
